
Microsoft Visual Studio Solution File, Format Version 12.00
# Visual Studio Version 17
VisualStudioVersion = 17.2.32519.379
MinimumVisualStudioVersion = 10.0.40219.1
Project("{8BC9CEB8-8B4A-11D0-8D11-00A0C91BC942}") = "队列", "队列\队列.vcxproj", "{A0235081-8631-4725-8BCD-B8BA01DC7BED}"
EndProject
Global
	GlobalSection(SolutionConfigurationPlatforms) = preSolution
		Debug|x64 = Debug|x64
		Debug|x86 = Debug|x86
		Release|x64 = Release|x64
		Release|x86 = Release|x86
	EndGlobalSection
	GlobalSection(ProjectConfigurationPlatforms) = postSolution
		{A0235081-8631-4725-8BCD-B8BA01DC7BED}.Debug|x64.ActiveCfg = Debug|x64
		{A0235081-8631-4725-8BCD-B8BA01DC7BED}.Debug|x64.Build.0 = Debug|x64
		{A0235081-8631-4725-8BCD-B8BA01DC7BED}.Debug|x86.ActiveCfg = Debug|Win32
		{A0235081-8631-4725-8BCD-B8BA01DC7BED}.Debug|x86.Build.0 = Debug|Win32
		{A0235081-8631-4725-8BCD-B8BA01DC7BED}.Release|x64.ActiveCfg = Release|x64
		{A0235081-8631-4725-8BCD-B8BA01DC7BED}.Release|x64.Build.0 = Release|x64
		{A0235081-8631-4725-8BCD-B8BA01DC7BED}.Release|x86.ActiveCfg = Release|Win32
		{A0235081-8631-4725-8BCD-B8BA01DC7BED}.Release|x86.Build.0 = Release|Win32
	EndGlobalSection
	GlobalSection(SolutionProperties) = preSolution
		HideSolutionNode = FALSE
	EndGlobalSection
	GlobalSection(ExtensibilityGlobals) = postSolution
		SolutionGuid = {D78DA5AE-62B9-41C0-A15C-F0590B5481FE}
	EndGlobalSection
EndGlobal
